{
  "object": {
    "pins": [
      {
        "package": "HyperSwift",
        "repositoryURL": "https://github.com/johngarrett/HyperSwift",
        "state": {
          "branch": "master",
          "revision": "abcbc5b6ff02f87d546ed1c01bff2a34683982cb",
          "version": null
        }
      },
      {
        "package": "JavaScriptKit",
        "repositoryURL": "https://github.com/swiftwasm/JavaScriptKit",
        "state": {
          "branch": null,
          "revision": "8ba4135d5fd6a734c3771ef3fac66896bbcb0214",
          "version": "0.8.0"
        }
      }
    ]
  },
  "version": 1
}
