{
  "object": {
    "pins": [
      {
        "package": "HyperSwift",
        "repositoryURL": "https://github.com/johngarrett/HyperSwift",
        "state": {
          "branch": "master",
          "revision": "24597e92ed8a18d971a1145d36ae7d7521d88833",
          "version": null
        }
      },
      {
        "package": "JavaScriptKit",
        "repositoryURL": "https://github.com/swiftwasm/JavaScriptKit",
        "state": {
          "branch": null,
          "revision": "8ba4135d5fd6a734c3771ef3fac66896bbcb0214",
          "version": "0.8.0"
        }
      }
    ]
  },
  "version": 1
}
